PODS:
  - ReactiveCocoa (2.0):
    - ReactiveCocoa/Core (= 2.0)
    - ReactiveCocoa/no-arc (= 2.0)
    - ReactiveCocoa/RACExtensions (= 2.0)
  - ReactiveCocoa/Core (2.0):
    - ReactiveCocoa/no-arc
  - ReactiveCocoa/no-arc (2.0)
  - ReactiveCocoa/RACExtensions (2.0):
    - ReactiveCocoa/Core

DEPENDENCIES:
  - ReactiveCocoa (= 2.0)

SPEC CHECKSUMS:
  ReactiveCocoa: c5347d7b1c348d22a85800e14e89da84c5254cfb

PODFILE CHECKSUM: d810b3c2bc1a75b4d63fc207ea7160844910e991

COCOAPODS: 1.2.0
