// !$*UTF8*$!
{
	archiveVersion = 1;
	classes = {
	};
	objectVersion = 46;
	objects = {

/* Begin PBXBuildFile section */
		18B7DB241E4D4DB2005D8648 /* main.m in Sources */ = {isa = PBXBuildFile; fileRef = 18B7DB231E4D4DB2005D8648 /* main.m */; };
		18B7DB271E4D4DB2005D8648 /* AppDelegate.m in Sources */ = {isa = PBXBuildFile; fileRef = 18B7DB261E4D4DB2005D8648 /* AppDelegate.m */; };
		18B7DB2A1E4D4DB2005D8648 /* ViewController.m in Sources */ = {isa = PBXBuildFile; fileRef = 18B7DB291E4D4DB2005D8648 /* ViewController.m */; };
		18B7DB2D1E4D4DB2005D8648 /* Main.storyboard in Resources */ = {isa = PBXBuildFile; fileRef = 18B7DB2B1E4D4DB2005D8648 /* Main.storyboard */; };
		18B7DB2F1E4D4DB2005D8648 /* Assets.xcassets in Resources */ = {isa = PBXBuildFile; fileRef = 18B7DB2E1E4D4DB2005D8648 /* Assets.xcassets */; };
		18B7DB321E4D4DB2005D8648 /* LaunchScreen.storyboard in Resources */ = {isa = PBXBuildFile; fileRef = 18B7DB301E4D4DB2005D8648 /* LaunchScreen.storyboard */; };
		18B7DB3D1E4D4DB2005D8648 /* RealmTests.m in Sources */ = {isa = PBXBuildFile; fileRef = 18B7DB3C1E4D4DB2005D8648 /* RealmTests.m */; };
		18B7DB481E4D4DB2005D8648 /* RealmUITests.m in Sources */ = {isa = PBXBuildFile; fileRef = 18B7DB471E4D4DB2005D8648 /* RealmUITests.m */; };
		18B7DB581E4D961C005D8648 /* Post.m in Sources */ = {isa = PBXBuildFile; fileRef = 18B7DB571E4D961C005D8648 /* Post.m */; };
		18B7DB5B1E4D9BA4005D8648 /* User.m in Sources */ = {isa = PBXBuildFile; fileRef = 18B7DB5A1E4D9BA4005D8648 /* User.m */; };
		7632407B4D5726579EF531EA /* libPods-Realm.a in Frameworks */ = {isa = PBXBuildFile; fileRef = 6CF5BB9BB46EBE5E31CDD5FD /* libPods-Realm.a */; };
/* End PBXBuildFile section */

/* Begin PBXContainerItemProxy section */
		18B7DB391E4D4DB2005D8648 /* PBXContainerItemProxy */ = {
			isa = PBXContainerItemProxy;
			containerPortal = 18B7DB171E4D4DB2005D8648 /* Project object */;
			proxyType = 1;
			remoteGlobalIDString = 18B7DB1E1E4D4DB2005D8648;
			remoteInfo = Realm;
		};
		18B7DB441E4D4DB2005D8648 /* PBXContainerItemProxy */ = {
			isa = PBXContainerItemProxy;
			containerPortal = 18B7DB171E4D4DB2005D8648 /* Project object */;
			proxyType = 1;
			remoteGlobalIDString = 18B7DB1E1E4D4DB2005D8648;
			remoteInfo = Realm;
		};
/* End PBXContainerItemProxy section */

/* Begin PBXFileReference section */
		0E0639219EB1620A2AE9137B /* Pods-Realm.release.xcconfig */ = {isa = PBXFileReference; includeInIndex = 1; lastKnownFileType = text.xcconfig; name = "Pods-Realm.release.xcconfig"; path = "Pods/Target Support Files/Pods-Realm/Pods-Realm.release.xcconfig"; sourceTree = "<group>"; };
		18B7DB1F1E4D4DB2005D8648 /* Realm.app */ = {isa = PBXFileReference; explicitFileType = wrapper.application; includeInIndex = 0; path = Realm.app; sourceTree = BUILT_PRODUCTS_DIR; };
		18B7DB231E4D4DB2005D8648 /* main.m */ = {isa = PBXFileReference; lastKnownFileType = sourcecode.c.objc; path = main.m; sourceTree = "<group>"; };
		18B7DB251E4D4DB2005D8648 /* AppDelegate.h */ = {isa = PBXFileReference; lastKnownFileType = sourcecode.c.h; path = AppDelegate.h; sourceTree = "<group>"; };
		18B7DB261E4D4DB2005D8648 /* AppDelegate.m */ = {isa = PBXFileReference; lastKnownFileType = sourcecode.c.objc; path = AppDelegate.m; sourceTree = "<group>"; };
		18B7DB281E4D4DB2005D8648 /* ViewController.h */ = {isa = PBXFileReference; lastKnownFileType = sourcecode.c.h; path = ViewController.h; sourceTree = "<group>"; };
		18B7DB291E4D4DB2005D8648 /* ViewController.m */ = {isa = PBXFileReference; lastKnownFileType = sourcecode.c.objc; path = ViewController.m; sourceTree = "<group>"; };
		18B7DB2C1E4D4DB2005D8648 /* Base */ = {isa = PBXFileReference; lastKnownFileType = file.storyboard; name = Base; path = Base.lproj/Main.storyboard; sourceTree = "<group>"; };
		18B7DB2E1E4D4DB2005D8648 /* Assets.xcassets */ = {isa = PBXFileReference; lastKnownFileType = folder.assetcatalog; path = Assets.xcassets; sourceTree = "<group>"; };
		18B7DB311E4D4DB2005D8648 /* Base */ = {isa = PBXFileReference; lastKnownFileType = file.storyboard; name = Base; path = Base.lproj/LaunchScreen.storyboard; sourceTree = "<group>"; };
		18B7DB331E4D4DB2005D8648 /* Info.plist */ = {isa = PBXFileReference; lastKnownFileType = text.plist.xml; path = Info.plist; sourceTree = "<group>"; };
		18B7DB381E4D4DB2005D8648 /* RealmTests.xctest */ = {isa = PBXFileReference; explicitFileType = wrapper.cfbundle; includeInIndex = 0; path = RealmTests.xctest; sourceTree = BUILT_PRODUCTS_DIR; };
		18B7DB3C1E4D4DB2005D8648 /* RealmTests.m */ = {isa = PBXFileReference; lastKnownFileType = sourcecode.c.objc; path = RealmTests.m; sourceTree = "<group>"; };
		18B7DB3E1E4D4DB2005D8648 /* Info.plist */ = {isa = PBXFileReference; lastKnownFileType = text.plist.xml; path = Info.plist; sourceTree = "<group>"; };
		18B7DB431E4D4DB2005D8648 /* RealmUITests.xctest */ = {isa = PBXFileReference; explicitFileType = wrapper.cfbundle; includeInIndex = 0; path = RealmUITests.xctest; sourceTree = BUILT_PRODUCTS_DIR; };
		18B7DB471E4D4DB2005D8648 /* RealmUITests.m */ = {isa = PBXFileReference; lastKnownFileType = sourcecode.c.objc; path = RealmUITests.m; sourceTree = "<group>"; };
		18B7DB491E4D4DB2005D8648 /* Info.plist */ = {isa = PBXFileReference; lastKnownFileType = text.plist.xml; path = Info.plist; sourceTree = "<group>"; };
		18B7DB561E4D961C005D8648 /* Post.h */ = {isa = PBXFileReference; fileEncoding = 4; lastKnownFileType = sourcecode.c.h; path = Post.h; sourceTree = "<group>"; };
		18B7DB571E4D961C005D8648 /* Post.m */ = {isa = PBXFileReference; fileEncoding = 4; lastKnownFileType = sourcecode.c.objc; path = Post.m; sourceTree = "<group>"; };
		18B7DB591E4D9BA4005D8648 /* User.h */ = {isa = PBXFileReference; fileEncoding = 4; lastKnownFileType = sourcecode.c.h; path = User.h; sourceTree = "<group>"; };
		18B7DB5A1E4D9BA4005D8648 /* User.m */ = {isa = PBXFileReference; fileEncoding = 4; lastKnownFileType = sourcecode.c.objc; path = User.m; sourceTree = "<group>"; };
		6CF5BB9BB46EBE5E31CDD5FD /* libPods-Realm.a */ = {isa = PBXFileReference; explicitFileType = archive.ar; includeInIndex = 0; path = "libPods-Realm.a"; sourceTree = BUILT_PRODUCTS_DIR; };
		B6602CC7C4CD2EF5EE264A43 /* Pods-Realm.debug.xcconfig */ = {isa = PBXFileReference; includeInIndex = 1; lastKnownFileType = text.xcconfig; name = "Pods-Realm.debug.xcconfig"; path = "Pods/Target Support Files/Pods-Realm/Pods-Realm.debug.xcconfig"; sourceTree = "<group>"; };
/* End PBXFileReference section */

/* Begin PBXFrameworksBuildPhase section */
		18B7DB1C1E4D4DB2005D8648 /* Frameworks */ = {
			isa = PBXFrameworksBuildPhase;
			buildActionMask = 2147483647;
			files = (
				7632407B4D5726579EF531EA /* libPods-Realm.a in Frameworks */,
			);
			runOnlyForDeploymentPostprocessing = 0;
		};
		18B7DB351E4D4DB2005D8648 /* Frameworks */ = {
			isa = PBXFrameworksBuildPhase;
			buildActionMask = 2147483647;
			files = (
			);
			runOnlyForDeploymentPostprocessing = 0;
		};
		18B7DB401E4D4DB2005D8648 /* Frameworks */ = {
			isa = PBXFrameworksBuildPhase;
			buildActionMask = 2147483647;
			files = (
			);
			runOnlyForDeploymentPostprocessing = 0;
		};
/* End PBXFrameworksBuildPhase section */

/* Begin PBXGroup section */
		18B7DB161E4D4DB2005D8648 = {
			isa = PBXGroup;
			children = (
				18B7DB551E4D958F005D8648 /* Model */,
				18B7DB211E4D4DB2005D8648 /* Realm */,
				18B7DB3B1E4D4DB2005D8648 /* RealmTests */,
				18B7DB461E4D4DB2005D8648 /* RealmUITests */,
				18B7DB201E4D4DB2005D8648 /* Products */,
				D43307D2F47CD74230990B6D /* Pods */,
				47F82B3ABFB01BE7CE4875BC /* Frameworks */,
			);
			sourceTree = "<group>";
		};
		18B7DB201E4D4DB2005D8648 /* Products */ = {
			isa = PBXGroup;
			children = (
				18B7DB1F1E4D4DB2005D8648 /* Realm.app */,
				18B7DB381E4D4DB2005D8648 /* RealmTests.xctest */,
				18B7DB431E4D4DB2005D8648 /* RealmUITests.xctest */,
			);
			name = Products;
			sourceTree = "<group>";
		};
		18B7DB211E4D4DB2005D8648 /* Realm */ = {
			isa = PBXGroup;
			children = (
				18B7DB251E4D4DB2005D8648 /* AppDelegate.h */,
				18B7DB261E4D4DB2005D8648 /* AppDelegate.m */,
				18B7DB281E4D4DB2005D8648 /* ViewController.h */,
				18B7DB291E4D4DB2005D8648 /* ViewController.m */,
				18B7DB2B1E4D4DB2005D8648 /* Main.storyboard */,
				18B7DB2E1E4D4DB2005D8648 /* Assets.xcassets */,
				18B7DB301E4D4DB2005D8648 /* LaunchScreen.storyboard */,
				18B7DB331E4D4DB2005D8648 /* Info.plist */,
				18B7DB221E4D4DB2005D8648 /* Supporting Files */,
			);
			path = Realm;
			sourceTree = "<group>";
		};
		18B7DB221E4D4DB2005D8648 /* Supporting Files */ = {
			isa = PBXGroup;
			children = (
				18B7DB231E4D4DB2005D8648 /* main.m */,
			);
			name = "Supporting Files";
			sourceTree = "<group>";
		};
		18B7DB3B1E4D4DB2005D8648 /* RealmTests */ = {
			isa = PBXGroup;
			children = (
				18B7DB3C1E4D4DB2005D8648 /* RealmTests.m */,
				18B7DB3E1E4D4DB2005D8648 /* Info.plist */,
			);
			path = RealmTests;
			sourceTree = "<group>";
		};
		18B7DB461E4D4DB2005D8648 /* RealmUITests */ = {
			isa = PBXGroup;
			children = (
				18B7DB471E4D4DB2005D8648 /* RealmUITests.m */,
				18B7DB491E4D4DB2005D8648 /* Info.plist */,
			);
			path = RealmUITests;
			sourceTree = "<group>";
		};
		18B7DB551E4D958F005D8648 /* Model */ = {
			isa = PBXGroup;
			children = (
				18B7DB561E4D961C005D8648 /* Post.h */,
				18B7DB571E4D961C005D8648 /* Post.m */,
				18B7DB591E4D9BA4005D8648 /* User.h */,
				18B7DB5A1E4D9BA4005D8648 /* User.m */,
			);
			name = Model;
			sourceTree = "<group>";
		};
		47F82B3ABFB01BE7CE4875BC /* Frameworks */ = {
			isa = PBXGroup;
			children = (
				6CF5BB9BB46EBE5E31CDD5FD /* libPods-Realm.a */,
			);
			name = Frameworks;
			sourceTree = "<group>";
		};
		D43307D2F47CD74230990B6D /* Pods */ = {
			isa = PBXGroup;
			children = (
				B6602CC7C4CD2EF5EE264A43 /* Pods-Realm.debug.xcconfig */,
				0E0639219EB1620A2AE9137B /* Pods-Realm.release.xcconfig */,
			);
			name = Pods;
			sourceTree = "<group>";
		};
/* End PBXGroup section */

/* Begin PBXNativeTarget section */
		18B7DB1E1E4D4DB2005D8648 /* Realm */ = {
			isa = PBXNativeTarget;
			buildConfigurationList = 18B7DB4C1E4D4DB2005D8648 /* Build configuration list for PBXNativeTarget "Realm" */;
			buildPhases = (
				B3EEA8BBC9D95F15668F2362 /* [CP] Check Pods Manifest.lock */,
				18B7DB1B1E4D4DB2005D8648 /* Sources */,
				18B7DB1C1E4D4DB2005D8648 /* Frameworks */,
				18B7DB1D1E4D4DB2005D8648 /* Resources */,
				A0BC9921D48C2C5E0DBBE91D /* [CP] Embed Pods Frameworks */,
				5E37E50184CC168882B5E412 /* [CP] Copy Pods Resources */,
			);
			buildRules = (
			);
			dependencies = (
			);
			name = Realm;
			productName = Realm;
			productReference = 18B7DB1F1E4D4DB2005D8648 /* Realm.app */;
			productType = "com.apple.product-type.application";
		};
		18B7DB371E4D4DB2005D8648 /* RealmTests */ = {
			isa = PBXNativeTarget;
			buildConfigurationList = 18B7DB4F1E4D4DB2005D8648 /* Build configuration list for PBXNativeTarget "RealmTests" */;
			buildPhases = (
				18B7DB341E4D4DB2005D8648 /* Sources */,
				18B7DB351E4D4DB2005D8648 /* Frameworks */,
				18B7DB361E4D4DB2005D8648 /* Resources */,
			);
			buildRules = (
			);
			dependencies = (
				18B7DB3A1E4D4DB2005D8648 /* PBXTargetDependency */,
			);
			name = RealmTests;
			productName = RealmTests;
			productReference = 18B7DB381E4D4DB2005D8648 /* RealmTests.xctest */;
			productType = "com.apple.product-type.bundle.unit-test";
		};
		18B7DB421E4D4DB2005D8648 /* RealmUITests */ = {
			isa = PBXNativeTarget;
			buildConfigurationList = 18B7DB521E4D4DB2005D8648 /* Build configuration list for PBXNativeTarget "RealmUITests" */;
			buildPhases = (
				18B7DB3F1E4D4DB2005D8648 /* Sources */,
				18B7DB401E4D4DB2005D8648 /* Frameworks */,
				18B7DB411E4D4DB2005D8648 /* Resources */,
			);
			buildRules = (
			);
			dependencies = (
				18B7DB451E4D4DB2005D8648 /* PBXTargetDependency */,
			);
			name = RealmUITests;
			productName = RealmUITests;
			productReference = 18B7DB431E4D4DB2005D8648 /* RealmUITests.xctest */;
			productType = "com.apple.product-type.bundle.ui-testing";
		};
/* End PBXNativeTarget section */

/* Begin PBXProject section */
		18B7DB171E4D4DB2005D8648 /* Project object */ = {
			isa = PBXProject;
			attributes = {
				LastUpgradeCheck = 0820;
				ORGANIZATIONNAME = yuantuan;
				TargetAttributes = {
					18B7DB1E1E4D4DB2005D8648 = {
						CreatedOnToolsVersion = 8.2.1;
						DevelopmentTeam = 3WZ7MBFT45;
						ProvisioningStyle = Automatic;
					};
					18B7DB371E4D4DB2005D8648 = {
						CreatedOnToolsVersion = 8.2.1;
						DevelopmentTeam = 3WZ7MBFT45;
						ProvisioningStyle = Automatic;
						TestTargetID = 18B7DB1E1E4D4DB2005D8648;
					};
					18B7DB421E4D4DB2005D8648 = {
						CreatedOnToolsVersion = 8.2.1;
						DevelopmentTeam = 3WZ7MBFT45;
						ProvisioningStyle = Automatic;
						TestTargetID = 18B7DB1E1E4D4DB2005D8648;
					};
				};
			};
			buildConfigurationList = 18B7DB1A1E4D4DB2005D8648 /* Build configuration list for PBXProject "Realm" */;
			compatibilityVersion = "Xcode 3.2";
			developmentRegion = English;
			hasScannedForEncodings = 0;
			knownRegions = (
				en,
				Base,
			);
			mainGroup = 18B7DB161E4D4DB2005D8648;
			productRefGroup = 18B7DB201E4D4DB2005D8648 /* Products */;
			projectDirPath = "";
			projectRoot = "";
			targets = (
				18B7DB1E1E4D4DB2005D8648 /* Realm */,
				18B7DB371E4D4DB2005D8648 /* RealmTests */,
				18B7DB421E4D4DB2005D8648 /* RealmUITests */,
			);
		};
/* End PBXProject section */

/* Begin PBXResourcesBuildPhase section */
		18B7DB1D1E4D4DB2005D8648 /* Resources */ = {
			isa = PBXResourcesBuildPhase;
			buildActionMask = 2147483647;
			files = (
				18B7DB321E4D4DB2005D8648 /* LaunchScreen.storyboard in Resources */,
				18B7DB2F1E4D4DB2005D8648 /* Assets.xcassets in Resources */,
				18B7DB2D1E4D4DB2005D8648 /* Main.storyboard in Resources */,
			);
			runOnlyForDeploymentPostprocessing = 0;
		};
		18B7DB361E4D4DB2005D8648 /* Resources */ = {
			isa = PBXResourcesBuildPhase;
			buildActionMask = 2147483647;
			files = (
			);
			runOnlyForDeploymentPostprocessing = 0;
		};
		18B7DB411E4D4DB2005D8648 /* Resources */ = {
			isa = PBXResourcesBuildPhase;
			buildActionMask = 2147483647;
			files = (
			);
			runOnlyForDeploymentPostprocessing = 0;
		};
/* End PBXResourcesBuildPhase section */

/* Begin PBXShellScriptBuildPhase section */
		5E37E50184CC168882B5E412 /* [CP] Copy Pods Resources */ = {
			isa = PBXShellScriptBuildPhase;
			buildActionMask = 2147483647;
			files = (
			);
			inputPaths = (
			);
			name = "[CP] Copy Pods Resources";
			outputPaths = (
			);
			runOnlyForDeploymentPostprocessing = 0;
			shellPath = /bin/sh;
			shellScript = "\"${SRCROOT}/Pods/Target Support Files/Pods-Realm/Pods-Realm-resources.sh\"\n";
			showEnvVarsInLog = 0;
		};
		A0BC9921D48C2C5E0DBBE91D /* [CP] Embed Pods Frameworks */ = {
			isa = PBXShellScriptBuildPhase;
			buildActionMask = 2147483647;
			files = (
			);
			inputPaths = (
			);
			name = "[CP] Embed Pods Frameworks";
			outputPaths = (
			);
			runOnlyForDeploymentPostprocessing = 0;
			shellPath = /bin/sh;
			shellScript = "\"${SRCROOT}/Pods/Target Support Files/Pods-Realm/Pods-Realm-frameworks.sh\"\n";
			showEnvVarsInLog = 0;
		};
		B3EEA8BBC9D95F15668F2362 /* [CP] Check Pods Manifest.lock */ = {
			isa = PBXShellScriptBuildPhase;
			buildActionMask = 2147483647;
			files = (
			);
			inputPaths = (
			);
			name = "[CP] Check Pods Manifest.lock";
			outputPaths = (
			);
			runOnlyForDeploymentPostprocessing = 0;
			shellPath = /bin/sh;
			shellScript = "diff \"${PODS_ROOT}/../Podfile.lock\" \"${PODS_ROOT}/Manifest.lock\" > /dev/null\nif [ $? != 0 ] ; then\n    # print error to STDERR\n    echo \"error: The sandbox is not in sync with the Podfile.lock. Run 'pod install' or update your CocoaPods installation.\" >&2\n    exit 1\nfi\n";
			showEnvVarsInLog = 0;
		};
/* End PBXShellScriptBuildPhase section */

/* Begin PBXSourcesBuildPhase section */
		18B7DB1B1E4D4DB2005D8648 /* Sources */ = {
			isa = PBXSourcesBuildPhase;
			buildActionMask = 2147483647;
			files = (
				18B7DB5B1E4D9BA4005D8648 /* User.m in Sources */,
				18B7DB2A1E4D4DB2005D8648 /* ViewController.m in Sources */,
				18B7DB271E4D4DB2005D8648 /* AppDelegate.m in Sources */,
				18B7DB241E4D4DB2005D8648 /* main.m in Sources */,
				18B7DB581E4D961C005D8648 /* Post.m in Sources */,
			);
			runOnlyForDeploymentPostprocessing = 0;
		};
		18B7DB341E4D4DB2005D8648 /* Sources */ = {
			isa = PBXSourcesBuildPhase;
			buildActionMask = 2147483647;
			files = (
				18B7DB3D1E4D4DB2005D8648 /* RealmTests.m in Sources */,
			);
			runOnlyForDeploymentPostprocessing = 0;
		};
		18B7DB3F1E4D4DB2005D8648 /* Sources */ = {
			isa = PBXSourcesBuildPhase;
			buildActionMask = 2147483647;
			files = (
				18B7DB481E4D4DB2005D8648 /* RealmUITests.m in Sources */,
			);
			runOnlyForDeploymentPostprocessing = 0;
		};
/* End PBXSourcesBuildPhase section */

/* Begin PBXTargetDependency section */
		18B7DB3A1E4D4DB2005D8648 /* PBXTargetDependency */ = {
			isa = PBXTargetDependency;
			target = 18B7DB1E1E4D4DB2005D8648 /* Realm */;
			targetProxy = 18B7DB391E4D4DB2005D8648 /* PBXContainerItemProxy */;
		};
		18B7DB451E4D4DB2005D8648 /* PBXTargetDependency */ = {
			isa = PBXTargetDependency;
			target = 18B7DB1E1E4D4DB2005D8648 /* Realm */;
			targetProxy = 18B7DB441E4D4DB2005D8648 /* PBXContainerItemProxy */;
		};
/* End PBXTargetDependency section */

/* Begin PBXVariantGroup section */
		18B7DB2B1E4D4DB2005D8648 /* Main.storyboard */ = {
			isa = PBXVariantGroup;
			children = (
				18B7DB2C1E4D4DB2005D8648 /* Base */,
			);
			name = Main.storyboard;
			sourceTree = "<group>";
		};
		18B7DB301E4D4DB2005D8648 /* LaunchScreen.storyboard */ = {
			isa = PBXVariantGroup;
			children = (
				18B7DB311E4D4DB2005D8648 /* Base */,
			);
			name = LaunchScreen.storyboard;
			sourceTree = "<group>";
		};
/* End PBXVariantGroup section */

/* Begin XCBuildConfiguration section */
		18B7DB4A1E4D4DB2005D8648 /* Debug */ = {
			isa = XCBuildConfiguration;
			buildSettings = {
				ALWAYS_SEARCH_USER_PATHS = NO;
				CLANG_ANALYZER_NONNULL = YES;
				CLANG_CXX_LANGUAGE_STANDARD = "gnu++0x";
				CLANG_CXX_LIBRARY = "libc++";
				CLANG_ENABLE_MODULES = YES;
				CLANG_ENABLE_OBJC_ARC = YES;
				CLANG_WARN_BOOL_CONVERSION = YES;
				CLANG_WARN_CONSTANT_CONVERSION = YES;
				CLANG_WARN_DIRECT_OBJC_ISA_USAGE = YES_ERROR;
				CLANG_WARN_DOCUMENTATION_COMMENTS = YES;
				CLANG_WARN_EMPTY_BODY = YES;
				CLANG_WARN_ENUM_CONVERSION = YES;
				CLANG_WARN_INFINITE_RECURSION = YES;
				CLANG_WARN_INT_CONVERSION = YES;
				CLANG_WARN_OBJC_ROOT_CLASS = YES_ERROR;
				CLANG_WARN_SUSPICIOUS_MOVE = YES;
				CLANG_WARN_UNREACHABLE_CODE = YES;
				CLANG_WARN__DUPLICATE_METHOD_MATCH = YES;
				"CODE_SIGN_IDENTITY[sdk=iphoneos*]" = "iPhone Developer";
				COPY_PHASE_STRIP = NO;
				DEBUG_INFORMATION_FORMAT = dwarf;
				ENABLE_STRICT_OBJC_MSGSEND = YES;
				ENABLE_TESTABILITY = YES;
				GCC_C_LANGUAGE_STANDARD = gnu99;
				GCC_DYNAMIC_NO_PIC = NO;
				GCC_NO_COMMON_BLOCKS = YES;
				GCC_OPTIMIZATION_LEVEL = 0;
				GCC_PREPROCESSOR_DEFINITIONS = (
					"DEBUG=1",
					"$(inherited)",
				);
				GCC_WARN_64_TO_32_BIT_CONVERSION = YES;
				GCC_WARN_ABOUT_RETURN_TYPE = YES_ERROR;
				GCC_WARN_UNDECLARED_SELECTOR = YES;
				GCC_WARN_UNINITIALIZED_AUTOS = YES_AGGRESSIVE;
				GCC_WARN_UNUSED_FUNCTION = YES;
				GCC_WARN_UNUSED_VARIABLE = YES;
				IPHONEOS_DEPLOYMENT_TARGET = 10.2;
				MTL_ENABLE_DEBUG_INFO = YES;
				ONLY_ACTIVE_ARCH = YES;
				SDKROOT = iphoneos;
			};
			name = Debug;
		};
		18B7DB4B1E4D4DB2005D8648 /* Release */ = {
			isa = XCBuildConfiguration;
			buildSettings = {
				ALWAYS_SEARCH_USER_PATHS = NO;
				CLANG_ANALYZER_NONNULL = YES;
				CLANG_CXX_LANGUAGE_STANDARD = "gnu++0x";
				CLANG_CXX_LIBRARY = "libc++";
				CLANG_ENABLE_MODULES = YES;
				CLANG_ENABLE_OBJC_ARC = YES;
				CLANG_WARN_BOOL_CONVERSION = YES;
				CLANG_WARN_CONSTANT_CONVERSION = YES;
				CLANG_WARN_DIRECT_OBJC_ISA_USAGE = YES_ERROR;
				CLANG_WARN_DOCUMENTATION_COMMENTS = YES;
				CLANG_WARN_EMPTY_BODY = YES;
				CLANG_WARN_ENUM_CONVERSION = YES;
				CLANG_WARN_INFINITE_RECURSION = YES;
				CLANG_WARN_INT_CONVERSION = YES;
				CLANG_WARN_OBJC_ROOT_CLASS = YES_ERROR;
				CLANG_WARN_SUSPICIOUS_MOVE = YES;
				CLANG_WARN_UNREACHABLE_CODE = YES;
				CLANG_WARN__DUPLICATE_METHOD_MATCH = YES;
				"CODE_SIGN_IDENTITY[sdk=iphoneos*]" = "iPhone Developer";
				COPY_PHASE_STRIP = NO;
				DEBUG_INFORMATION_FORMAT = "dwarf-with-dsym";
				ENABLE_NS_ASSERTIONS = NO;
				ENABLE_STRICT_OBJC_MSGSEND = YES;
				GCC_C_LANGUAGE_STANDARD = gnu99;
				GCC_NO_COMMON_BLOCKS = YES;
				GCC_WARN_64_TO_32_BIT_CONVERSION = YES;
				GCC_WARN_ABOUT_RETURN_TYPE = YES_ERROR;
				GCC_WARN_UNDECLARED_SELECTOR = YES;
				GCC_WARN_UNINITIALIZED_AUTOS = YES_AGGRESSIVE;
				GCC_WARN_UNUSED_FUNCTION = YES;
				GCC_WARN_UNUSED_VARIABLE = YES;
				IPHONEOS_DEPLOYMENT_TARGET = 10.2;
				MTL_ENABLE_DEBUG_INFO = NO;
				SDKROOT = iphoneos;
				VALIDATE_PRODUCT = YES;
			};
			name = Release;
		};
		18B7DB4D1E4D4DB2005D8648 /* Debug */ = {
			isa = XCBuildConfiguration;
			baseConfigurationReference = B6602CC7C4CD2EF5EE264A43 /* Pods-Realm.debug.xcconfig */;
			buildSettings = {
				ASSETCATALOG_COMPILER_APPICON_NAME = AppIcon;
				DEVELOPMENT_TEAM = 3WZ7MBFT45;
				HEADER_SEARCH_PATHS = (
					"$(inherited)",
					"\"${PODS_ROOT}/Headers/Public\"",
					"\"${PODS_ROOT}/Headers/Public/Realm\"",
				);
				INFOPLIST_FILE = Realm/Info.plist;
				LD_RUNPATH_SEARCH_PATHS = "$(inherited) @executable_path/Frameworks";
				PRODUCT_BUNDLE_IDENTIFIER = com.yuantuan.Realm;
				PRODUCT_NAME = "$(TARGET_NAME)";
				USER_HEADER_SEARCH_PATHS = "$(PODS_ROOT)/**";
			};
			name = Debug;
		};
		18B7DB4E1E4D4DB2005D8648 /* Release */ = {
			isa = XCBuildConfiguration;
			baseConfigurationReference = 0E0639219EB1620A2AE9137B /* Pods-Realm.release.xcconfig */;
			buildSettings = {
				ASSETCATALOG_COMPILER_APPICON_NAME = AppIcon;
				DEVELOPMENT_TEAM = 3WZ7MBFT45;
				HEADER_SEARCH_PATHS = (
					"$(inherited)",
					"\"${PODS_ROOT}/Headers/Public\"",
					"\"${PODS_ROOT}/Headers/Public/Realm\"",
				);
				INFOPLIST_FILE = Realm/Info.plist;
				LD_RUNPATH_SEARCH_PATHS = "$(inherited) @executable_path/Frameworks";
				PRODUCT_BUNDLE_IDENTIFIER = com.yuantuan.Realm;
				PRODUCT_NAME = "$(TARGET_NAME)";
				USER_HEADER_SEARCH_PATHS = "$(PODS_ROOT)/**";
			};
			name = Release;
		};
		18B7DB501E4D4DB2005D8648 /* Debug */ = {
			isa = XCBuildConfiguration;
			buildSettings = {
				BUNDLE_LOADER = "$(TEST_HOST)";
				DEVELOPMENT_TEAM = 3WZ7MBFT45;
				INFOPLIST_FILE = RealmTests/Info.plist;
				LD_RUNPATH_SEARCH_PATHS = "$(inherited) @executable_path/Frameworks @loader_path/Frameworks";
				PRODUCT_BUNDLE_IDENTIFIER = com.yuantuan.RealmTests;
				PRODUCT_NAME = "$(TARGET_NAME)";
				TEST_HOST = "$(BUILT_PRODUCTS_DIR)/Realm.app/Realm";
			};
			name = Debug;
		};
		18B7DB511E4D4DB2005D8648 /* Release */ = {
			isa = XCBuildConfiguration;
			buildSettings = {
				BUNDLE_LOADER = "$(TEST_HOST)";
				DEVELOPMENT_TEAM = 3WZ7MBFT45;
				INFOPLIST_FILE = RealmTests/Info.plist;
				LD_RUNPATH_SEARCH_PATHS = "$(inherited) @executable_path/Frameworks @loader_path/Frameworks";
				PRODUCT_BUNDLE_IDENTIFIER = com.yuantuan.RealmTests;
				PRODUCT_NAME = "$(TARGET_NAME)";
				TEST_HOST = "$(BUILT_PRODUCTS_DIR)/Realm.app/Realm";
			};
			name = Release;
		};
		18B7DB531E4D4DB2005D8648 /* Debug */ = {
			isa = XCBuildConfiguration;
			buildSettings = {
				DEVELOPMENT_TEAM = 3WZ7MBFT45;
				INFOPLIST_FILE = RealmUITests/Info.plist;
				LD_RUNPATH_SEARCH_PATHS = "$(inherited) @executable_path/Frameworks @loader_path/Frameworks";
				PRODUCT_BUNDLE_IDENTIFIER = com.yuantuan.RealmUITests;
				PRODUCT_NAME = "$(TARGET_NAME)";
				TEST_TARGET_NAME = Realm;
			};
			name = Debug;
		};
		18B7DB541E4D4DB2005D8648 /* Release */ = {
			isa = XCBuildConfiguration;
			buildSettings = {
				DEVELOPMENT_TEAM = 3WZ7MBFT45;
				INFOPLIST_FILE = RealmUITests/Info.plist;
				LD_RUNPATH_SEARCH_PATHS = "$(inherited) @executable_path/Frameworks @loader_path/Frameworks";
				PRODUCT_BUNDLE_IDENTIFIER = com.yuantuan.RealmUITests;
				PRODUCT_NAME = "$(TARGET_NAME)";
				TEST_TARGET_NAME = Realm;
			};
			name = Release;
		};
/* End XCBuildConfiguration section */

/* Begin XCConfigurationList section */
		18B7DB1A1E4D4DB2005D8648 /* Build configuration list for PBXProject "Realm" */ = {
			isa = XCConfigurationList;
			buildConfigurations = (
				18B7DB4A1E4D4DB2005D8648 /* Debug */,
				18B7DB4B1E4D4DB2005D8648 /* Release */,
			);
			defaultConfigurationIsVisible = 0;
			defaultConfigurationName = Release;
		};
		18B7DB4C1E4D4DB2005D8648 /* Build configuration list for PBXNativeTarget "Realm" */ = {
			isa = XCConfigurationList;
			buildConfigurations = (
				18B7DB4D1E4D4DB2005D8648 /* Debug */,
				18B7DB4E1E4D4DB2005D8648 /* Release */,
			);
			defaultConfigurationIsVisible = 0;
			defaultConfigurationName = Release;
		};
		18B7DB4F1E4D4DB2005D8648 /* Build configuration list for PBXNativeTarget "RealmTests" */ = {
			isa = XCConfigurationList;
			buildConfigurations = (
				18B7DB501E4D4DB2005D8648 /* Debug */,
				18B7DB511E4D4DB2005D8648 /* Release */,
			);
			defaultConfigurationIsVisible = 0;
			defaultConfigurationName = Release;
		};
		18B7DB521E4D4DB2005D8648 /* Build configuration list for PBXNativeTarget "RealmUITests" */ = {
			isa = XCConfigurationList;
			buildConfigurations = (
				18B7DB531E4D4DB2005D8648 /* Debug */,
				18B7DB541E4D4DB2005D8648 /* Release */,
			);
			defaultConfigurationIsVisible = 0;
			defaultConfigurationName = Release;
		};
/* End XCConfigurationList section */
	};
	rootObject = 18B7DB171E4D4DB2005D8648 /* Project object */;
}
